
Microsoft Visual Studio Solution File, Format Version 12.00
# Visual Studio Version 17
VisualStudioVersion = 17.2.32519.379
MinimumVisualStudioVersion = 10.0.40219.1
Project("{FAE04EC0-301F-11D3-BF4B-00C04F79EFBC}") = "UdemyWeb", "UdemyWeb\UdemyWeb.csproj", "{84B75BE2-4714-4033-8D8A-F82CDB5E22EC}"
EndProject
Global
	GlobalSection(SolutionConfigurationPlatforms) = preSolution
		Debug|Any CPU = Debug|Any CPU
		Release|Any CPU = Release|Any CPU
	EndGlobalSection
	GlobalSection(ProjectConfigurationPlatforms) = postSolution
		{84B75BE2-4714-4033-8D8A-F82CDB5E22EC}.Debug|Any CPU.ActiveCfg = Debug|Any CPU
		{84B75BE2-4714-4033-8D8A-F82CDB5E22EC}.Debug|Any CPU.Build.0 = Debug|Any CPU
		{84B75BE2-4714-4033-8D8A-F82CDB5E22EC}.Release|Any CPU.ActiveCfg = Release|Any CPU
		{84B75BE2-4714-4033-8D8A-F82CDB5E22EC}.Release|Any CPU.Build.0 = Release|Any CPU
	EndGlobalSection
	GlobalSection(SolutionProperties) = preSolution
		HideSolutionNode = FALSE
	EndGlobalSection
	GlobalSection(ExtensibilityGlobals) = postSolution
		SolutionGuid = {32DDB953-8B9F-4BF5-8E37-5735C070529D}
	EndGlobalSection
EndGlobal
